
Microsoft Visual Studio Solution File, Format Version 12.00
# Visual Studio Version 17
VisualStudioVersion = 17.6.33815.320
MinimumVisualStudioVersion = 10.0.40219.1
Project("{FAE04EC0-301F-11D3-BF4B-00C04F79EFBC}") = "fileChangeName", "fileChangeName.csproj", "{345E0B1C-B733-4263-8C8A-E2AD57A4CA77}"
EndProject
Global
	GlobalSection(SolutionConfigurationPlatforms) = preSolution
		Debug|x86 = Debug|x86
		Release|x86 = Release|x86
	EndGlobalSection
	GlobalSection(ProjectConfigurationPlatforms) = postSolution
		{345E0B1C-B733-4263-8C8A-E2AD57A4CA77}.Debug|x86.ActiveCfg = Debug|x86
		{345E0B1C-B733-4263-8C8A-E2AD57A4CA77}.Debug|x86.Build.0 = Debug|x86
		{345E0B1C-B733-4263-8C8A-E2AD57A4CA77}.Release|x86.ActiveCfg = Release|x86
		{345E0B1C-B733-4263-8C8A-E2AD57A4CA77}.Release|x86.Build.0 = Release|x86
	EndGlobalSection
	GlobalSection(SolutionProperties) = preSolution
		HideSolutionNode = FALSE
	EndGlobalSection
	GlobalSection(ExtensibilityGlobals) = postSolution
		SolutionGuid = {BE385382-1CFB-4881-B478-68A7251D80C0}
	EndGlobalSection
EndGlobal
